{
    "_readme": [
        "This file locks the dependencies of your project to a known state",
        "Read more about it at http://getcomposer.org/doc/01-basic-usage.md#composer-lock-the-lock-file"
    ],
    "hash": "c5579bc98c4d6b84013d97ee9d5993c5",
    "packages": [
        {
            "name": "jaz303/phake",
            "version": "v0.5.1",
            "source": {
                "type": "git",
                "url": "https://github.com/jaz303/phake.git",
                "reference": "v0.5.1"
            },
            "dist": {
                "type": "zip",
                "url": "https://api.github.com/repos/jaz303/phake/zipball/v0.5.1",
                "reference": "v0.5.1",
                "shasum": ""
            },
            "require": {
                "php": ">=5.3.0"
            },
            "bin": [
                "bin/phake"
            ],
            "type": "library",
            "notification-url": "https://packagist.org/downloads/",
            "license": [
                "MIT"
            ],
            "authors": [
                {
                    "name": "Jason Frame",
                    "email": "jason@onehackoranother.com"
                }
            ],
            "description": "A wee clone of Ruby's rake for PHP 5.3. Uses closures for ultimate coolness.",
            "homepage": "http://github.com/jaz303/phake",
            "keywords": [
                "Tasks",
                "automation",
                "cli"
            ],
            "time": "2013-07-15 19:08:00"
        }
    ],
    "packages-dev": [

    ],
    "aliases": [

    ],
    "minimum-stability": "stable",
    "stability-flags": {
        "jaz303/phake": 0
    },
    "platform": {
        "php": ">=5.3.0"
    },
    "platform-dev": [

    ]
}
